
Microsoft Visual Studio Solution File, Format Version 12.00
# Visual Studio Version 17
VisualStudioVersion = 17.3.32929.385
MinimumVisualStudioVersion = 10.0.40219.1
Project("{FAE04EC0-301F-11D3-BF4B-00C04F79EFBC}") = "Blog", "Blog\Blog.csproj", "{98B6D624-60C3-4AB2-8268-FA265849854C}"
EndProject
Global
	GlobalSection(SolutionConfigurationPlatforms) = preSolution
		Debug|Any CPU = Debug|Any CPU
		Release|Any CPU = Release|Any CPU
	EndGlobalSection
	GlobalSection(ProjectConfigurationPlatforms) = postSolution
		{98B6D624-60C3-4AB2-8268-FA265849854C}.Debug|Any CPU.ActiveCfg = Debug|Any CPU
		{98B6D624-60C3-4AB2-8268-FA265849854C}.Debug|Any CPU.Build.0 = Debug|Any CPU
		{98B6D624-60C3-4AB2-8268-FA265849854C}.Release|Any CPU.ActiveCfg = Release|Any CPU
		{98B6D624-60C3-4AB2-8268-FA265849854C}.Release|Any CPU.Build.0 = Release|Any CPU
	EndGlobalSection
	GlobalSection(SolutionProperties) = preSolution
		HideSolutionNode = FALSE
	EndGlobalSection
	GlobalSection(ExtensibilityGlobals) = postSolution
		SolutionGuid = {0F007626-F178-4C8A-BF39-3111D28193F9}
	EndGlobalSection
EndGlobal
